
Microsoft Visual Studio Solution File, Format Version 12.00
# Visual Studio 15
VisualStudioVersion = 15.0.26730.16
MinimumVisualStudioVersion = 10.0.40219.1
Project("{8BC9CEB8-8B4A-11D0-8D11-00A0C91BC942}") = "Sudoku2", "Sudoku2\Sudoku2.vcxproj", "{9EC95845-B8B5-4069-8277-BAEAC04F3857}"
EndProject
Project("{8BC9CEB8-8B4A-11D0-8D11-00A0C91BC942}") = "Sudoku2Test", "Sudoku2Test\Sudoku2Test.vcxproj", "{C622DFE7-11F0-4AF0-8C6B-DF4E9082445E}"
EndProject
Global
	GlobalSection(SolutionConfigurationPlatforms) = preSolution
		Debug|x64 = Debug|x64
		Debug|x86 = Debug|x86
		Release|x64 = Release|x64
		Release|x86 = Release|x86
		Unittest - R|x64 = Unittest - R|x64
		Unittest - R|x86 = Unittest - R|x86
	EndGlobalSection
	GlobalSection(ProjectConfigurationPlatforms) = postSolution
		{9EC95845-B8B5-4069-8277-BAEAC04F3857}.Debug|x64.ActiveCfg = Debug|x64
		{9EC95845-B8B5-4069-8277-BAEAC04F3857}.Debug|x64.Build.0 = Debug|x64
		{9EC95845-B8B5-4069-8277-BAEAC04F3857}.Debug|x86.ActiveCfg = Debug|Win32
		{9EC95845-B8B5-4069-8277-BAEAC04F3857}.Debug|x86.Build.0 = Debug|Win32
		{9EC95845-B8B5-4069-8277-BAEAC04F3857}.Release|x64.ActiveCfg = Release|x64
		{9EC95845-B8B5-4069-8277-BAEAC04F3857}.Release|x64.Build.0 = Release|x64
		{9EC95845-B8B5-4069-8277-BAEAC04F3857}.Release|x86.ActiveCfg = Release|Win32
		{9EC95845-B8B5-4069-8277-BAEAC04F3857}.Release|x86.Build.0 = Release|Win32
		{9EC95845-B8B5-4069-8277-BAEAC04F3857}.Unittest - R|x64.ActiveCfg = Unittest - R|x64
		{9EC95845-B8B5-4069-8277-BAEAC04F3857}.Unittest - R|x64.Build.0 = Unittest - R|x64
		{9EC95845-B8B5-4069-8277-BAEAC04F3857}.Unittest - R|x86.ActiveCfg = Unittest - R|Win32
		{9EC95845-B8B5-4069-8277-BAEAC04F3857}.Unittest - R|x86.Build.0 = Unittest - R|Win32
		{C622DFE7-11F0-4AF0-8C6B-DF4E9082445E}.Debug|x64.ActiveCfg = Debug|x64
		{C622DFE7-11F0-4AF0-8C6B-DF4E9082445E}.Debug|x64.Build.0 = Debug|x64
		{C622DFE7-11F0-4AF0-8C6B-DF4E9082445E}.Debug|x86.ActiveCfg = Debug|Win32
		{C622DFE7-11F0-4AF0-8C6B-DF4E9082445E}.Debug|x86.Build.0 = Debug|Win32
		{C622DFE7-11F0-4AF0-8C6B-DF4E9082445E}.Release|x64.ActiveCfg = Release|x64
		{C622DFE7-11F0-4AF0-8C6B-DF4E9082445E}.Release|x64.Build.0 = Release|x64
		{C622DFE7-11F0-4AF0-8C6B-DF4E9082445E}.Release|x86.ActiveCfg = Release|Win32
		{C622DFE7-11F0-4AF0-8C6B-DF4E9082445E}.Release|x86.Build.0 = Release|Win32
		{C622DFE7-11F0-4AF0-8C6B-DF4E9082445E}.Unittest - R|x64.ActiveCfg = Unittest - R|x64
		{C622DFE7-11F0-4AF0-8C6B-DF4E9082445E}.Unittest - R|x64.Build.0 = Unittest - R|x64
		{C622DFE7-11F0-4AF0-8C6B-DF4E9082445E}.Unittest - R|x86.ActiveCfg = Unittest - R|Win32
		{C622DFE7-11F0-4AF0-8C6B-DF4E9082445E}.Unittest - R|x86.Build.0 = Unittest - R|Win32
	EndGlobalSection
	GlobalSection(SolutionProperties) = preSolution
		HideSolutionNode = FALSE
	EndGlobalSection
	GlobalSection(ExtensibilityGlobals) = postSolution
		SolutionGuid = {0B271EE4-6B47-4CFB-B5EE-2E37177BE2C2}
	EndGlobalSection
EndGlobal
